<?xml version="1.0" encoding="utf-8"?>
<Project ToolsVersion="4.0" xmlns="http://schemas.microsoft.com/developer/msbuild/2003">
  <ItemGroup>
    <ClCompile Include="..\src\cpp\Server.cpp">
      <Filter>Source</Filter>
    </ClCompile>
    <ClCompile Include="..\src\cpp\MySocket.cpp">
      <Filter>Source</Filter>
    </ClCompile>
    <ClCompile Include="..\src\cpp\Milestone1.cpp">
      <Filter>Source</Filter>
    </ClCompile>
    <ClCompile Include="..\src\cpp\library.cpp">
      <Filter>Source</Filter>
    </ClCompile>
  </ItemGroup>
  <ItemGroup>
    <ClInclude Include="..\src\header\library.h">
      <Filter>Header</Filter>
    </ClInclude>
    <ClInclude Include="..\src\header\MySocket.h">
      <Filter>Header</Filter>
    </ClInclude>
  </ItemGroup>
  <ItemGroup>
    <Filter Include="Header">
      <UniqueIdentifier>{c70454cc-b41c-4148-81a5-ded4951baba2}</UniqueIdentifier>
    </Filter>
    <Filter Include="Source">
      <UniqueIdentifier>{99a6e640-ac92-43cc-93df-48eebddbe153}</UniqueIdentifier>
    </Filter>
  </ItemGroup>
</Project>